
Microsoft Visual Studio Solution File, Format Version 12.00
# Visual Studio Version 17
VisualStudioVersion = 17.14.36518.9
MinimumVisualStudioVersion = 10.0.40219.1
Project("{2150E333-8FDC-42A3-9474-1A3956D46DE8}") = "Task0", "Task0", "{02EA681E-C7D8-13C7-8484-4AC65E1B71E8}"
EndProject
Project("{FAE04EC0-301F-11D3-BF4B-00C04F79EFBC}") = "Tyuiu.ShaykhelislamovaDA.Sprint6.Task0.V2.Test", "Tyuiu.ShaykhelislamovaDA.Sprint6.Task0.V2.Test\Tyuiu.ShaykhelislamovaDA.Sprint6.Task0.V2.Test.csproj", "{D4B5705E-FF6F-4B1F-A6B9-DFB78E4A679A}"
EndProject
Project("{FAE04EC0-301F-11D3-BF4B-00C04F79EFBC}") = "Tyuiu.ShaykhelislamovaDA.Sprint6.Task0.V2.Lib", "Tyuiu.ShaykhelislamovaDA.Sprint6.Task0.V2.Lib\Tyuiu.ShaykhelislamovaDA.Sprint6.Task0.V2.Lib.csproj", "{CE2C9DF2-B6AB-4F29-88B5-351C3ED7A49A}"
EndProject
Project("{FAE04EC0-301F-11D3-BF4B-00C04F79EFBC}") = "Tyuiu.ShaykhelislamovaDA.Sprint6.Task0.V2", "Tyuiu.ShaykhelislamovaDA.Sprint6.Task0.V2\Tyuiu.ShaykhelislamovaDA.Sprint6.Task0.V2.csproj", "{F244C7E2-87F2-470F-88A5-73DA073A119B}"
EndProject
Project("{2150E333-8FDC-42A3-9474-1A3956D46DE8}") = "Task1", "Task1", "{BF87C716-BFE8-4B57-B691-B2B20F7E15C8}"
EndProject
Project("{FAE04EC0-301F-11D3-BF4B-00C04F79EFBC}") = "Tyuiu.ShaykhelislamovaDA.Sprint6.Task1.V30.Test", "Tyuiu.ShaykhelislamovaDA.Sprint6.Task1.V30.Test\Tyuiu.ShaykhelislamovaDA.Sprint6.Task1.V30.Test.csproj", "{D3C1C15A-6658-4C66-B6AA-54B90B62E4C0}"
EndProject
Project("{FAE04EC0-301F-11D3-BF4B-00C04F79EFBC}") = "Tyuiu.ShaykhelislamovaDA.Sprint6.Task1.V30.Lib", "Tyuiu.ShaykhelislamovaDA.Sprint6.Task1.V30.Lib\Tyuiu.ShaykhelislamovaDA.Sprint6.Task1.V30.Lib.csproj", "{C581C0BB-5012-46D3-92AA-1A2718F155E9}"
EndProject
Project("{FAE04EC0-301F-11D3-BF4B-00C04F79EFBC}") = "Tyuiu.ShaykhelislamovaDA.Sprint6.Task1.V30", "Tyuiu.ShaykhelislamovaDA.Sprint6.Task1.V30\Tyuiu.ShaykhelislamovaDA.Sprint6.Task1.V30.csproj", "{E9C92880-B735-438A-B44E-C94DD3DABDB9}"
EndProject
Project("{2150E333-8FDC-42A3-9474-1A3956D46DE8}") = "Task2", "Task2", "{98BF65E7-E5D6-410D-B929-FB61FC1202F4}"
EndProject
Project("{FAE04EC0-301F-11D3-BF4B-00C04F79EFBC}") = "Tyuiu.ShaykhelislamovaDA.Sprint6.Task2.V22.Test", "Tyuiu.ShaykhelislamovaDA.Sprint6.Task2.V22.Test\Tyuiu.ShaykhelislamovaDA.Sprint6.Task2.V22.Test.csproj", "{2D5825D9-6595-4EFB-9E01-32D5AE749461}"
EndProject
Project("{FAE04EC0-301F-11D3-BF4B-00C04F79EFBC}") = "Tyuiu.ShaykhelislamovaDA.Sprint6.Task2.V22.Lib", "Tyuiu.ShaykhelislamovaDA.Sprint6.Task2.V22.Lib\Tyuiu.ShaykhelislamovaDA.Sprint6.Task2.V22.Lib.csproj", "{9167BD3E-B675-4143-8AA4-A20E0FE0872B}"
EndProject
Project("{FAE04EC0-301F-11D3-BF4B-00C04F79EFBC}") = "Tyuiu.ShaykhelislamovaDA.Sprint6.Task2.V22", "Tyuiu.ShaykhelislamovaDA.Sprint6.Task2.V22\Tyuiu.ShaykhelislamovaDA.Sprint6.Task2.V22.csproj", "{00C3A6E7-C65B-4197-8976-5BB9044D5EE1}"
EndProject
Project("{2150E333-8FDC-42A3-9474-1A3956D46DE8}") = "Task3", "Task3", "{45D2D40C-599C-4CCE-B826-836EA17C4964}"
EndProject
Project("{FAE04EC0-301F-11D3-BF4B-00C04F79EFBC}") = "Tyuiu.ShaykhelislamovaDA.Sprint6.Task3.V11.Test", "Tyuiu.ShaykhelislamovaDA.Sprint6.Task3.V11.Test\Tyuiu.ShaykhelislamovaDA.Sprint6.Task3.V11.Test.csproj", "{85E2FBB8-9357-437C-98B1-E13849ABD59B}"
EndProject
Project("{FAE04EC0-301F-11D3-BF4B-00C04F79EFBC}") = "Tyuiu.ShaykhelislamovaDA.Sprint6.Task3.V11.Lib", "Tyuiu.ShaykhelislamovaDA.Sprint6.Task3.V11.Lib\Tyuiu.ShaykhelislamovaDA.Sprint6.Task3.V11.Lib.csproj", "{D43C4D04-3285-4710-A3CC-CAE50A3FD92F}"
EndProject
Project("{FAE04EC0-301F-11D3-BF4B-00C04F79EFBC}") = "Tyuiu.ShaykhelislamovaDA.Sprint6.Task3.V11", "Tyuiu.ShaykhelislamovaDA.Sprint6.Task3.V11\Tyuiu.ShaykhelislamovaDA.Sprint6.Task3.V11.csproj", "{3C5D2BB3-0298-4F8D-9AE5-5D89A1500B9B}"
EndProject
Project("{2150E333-8FDC-42A3-9474-1A3956D46DE8}") = "Task4", "Task4", "{A2E9C59B-3009-4558-891B-2FF706FF11B5}"
EndProject
Project("{FAE04EC0-301F-11D3-BF4B-00C04F79EFBC}") = "Tyuiu.ShaykhelislamovaDA.Sprint6.Task4.V14.Test", "Tyuiu.ShaykhelislamovaDA.Sprint6.Task4.V14.Test\Tyuiu.ShaykhelislamovaDA.Sprint6.Task4.V14.Test.csproj", "{F4F988BA-35AB-4CCB-995F-89AC6A845034}"
EndProject
Project("{FAE04EC0-301F-11D3-BF4B-00C04F79EFBC}") = "Tyuiu.ShaykhelislamovaDA.Sprint6.Task4.V14.Lib", "Tyuiu.ShaykhelislamovaDA.Sprint6.Task4.V14.Lib\Tyuiu.ShaykhelislamovaDA.Sprint6.Task4.V14.Lib.csproj", "{F545CBCC-A164-4F39-AFB3-154124D8417E}"
EndProject
Project("{FAE04EC0-301F-11D3-BF4B-00C04F79EFBC}") = "Tyuiu.ShaykhelislamovaDA.Sprint6.Task4.V14", "Tyuiu.ShaykhelislamovaDA.Sprint6.Task4.V14\Tyuiu.ShaykhelislamovaDA.Sprint6.Task4.V14.csproj", "{7E20AC99-2217-416C-B674-90648A083A79}"
EndProject
Project("{2150E333-8FDC-42A3-9474-1A3956D46DE8}") = "Task5", "Task5", "{9F918B6E-DFD3-4018-B46D-80A2EF2C504E}"
EndProject
Project("{FAE04EC0-301F-11D3-BF4B-00C04F79EFBC}") = "Tyuiu.ShaykhelislamovaDA.Sprint6.Task5.V12.Test", "Tyuiu.ShaykhelislamovaDA.Sprint6.Task5.V12.Test\Tyuiu.ShaykhelislamovaDA.Sprint6.Task5.V12.Test.csproj", "{9D5DFEAE-A9B0-4E8E-925F-D199ED407FF7}"
EndProject
Project("{FAE04EC0-301F-11D3-BF4B-00C04F79EFBC}") = "Tyuiu.ShaykhelislamovaDA.Sprint6.Task5.V12.Lib", "Tyuiu.ShaykhelislamovaDA.Sprint6.Task5.V12.Lib\Tyuiu.ShaykhelislamovaDA.Sprint6.Task5.V12.Lib.csproj", "{073A9CA2-4F4D-474C-B60A-5D0C835E64A9}"
EndProject
Project("{FAE04EC0-301F-11D3-BF4B-00C04F79EFBC}") = "Tyuiu.ShaykhelislamovaDA.Sprint6.Task5.V12", "Tyuiu.ShaykhelislamovaDA.Sprint6.Task5.V12\Tyuiu.ShaykhelislamovaDA.Sprint6.Task5.V12.csproj", "{2A0D624F-B3EA-451E-9ED1-AA8A88280DD4}"
EndProject
Global
	GlobalSection(SolutionConfigurationPlatforms) = preSolution
		Debug|Any CPU = Debug|Any CPU
		Release|Any CPU = Release|Any CPU
	EndGlobalSection
	GlobalSection(ProjectConfigurationPlatforms) = postSolution
		{D4B5705E-FF6F-4B1F-A6B9-DFB78E4A679A}.Debug|Any CPU.ActiveCfg = Debug|Any CPU
		{D4B5705E-FF6F-4B1F-A6B9-DFB78E4A679A}.Debug|Any CPU.Build.0 = Debug|Any CPU
		{D4B5705E-FF6F-4B1F-A6B9-DFB78E4A679A}.Release|Any CPU.ActiveCfg = Release|Any CPU
		{D4B5705E-FF6F-4B1F-A6B9-DFB78E4A679A}.Release|Any CPU.Build.0 = Release|Any CPU
		{CE2C9DF2-B6AB-4F29-88B5-351C3ED7A49A}.Debug|Any CPU.ActiveCfg = Debug|Any CPU
		{CE2C9DF2-B6AB-4F29-88B5-351C3ED7A49A}.Debug|Any CPU.Build.0 = Debug|Any CPU
		{CE2C9DF2-B6AB-4F29-88B5-351C3ED7A49A}.Release|Any CPU.ActiveCfg = Release|Any CPU
		{CE2C9DF2-B6AB-4F29-88B5-351C3ED7A49A}.Release|Any CPU.Build.0 = Release|Any CPU
		{F244C7E2-87F2-470F-88A5-73DA073A119B}.Debug|Any CPU.ActiveCfg = Debug|Any CPU
		{F244C7E2-87F2-470F-88A5-73DA073A119B}.Debug|Any CPU.Build.0 = Debug|Any CPU
		{F244C7E2-87F2-470F-88A5-73DA073A119B}.Release|Any CPU.ActiveCfg = Release|Any CPU
		{F244C7E2-87F2-470F-88A5-73DA073A119B}.Release|Any CPU.Build.0 = Release|Any CPU
		{D3C1C15A-6658-4C66-B6AA-54B90B62E4C0}.Debug|Any CPU.ActiveCfg = Debug|Any CPU
		{D3C1C15A-6658-4C66-B6AA-54B90B62E4C0}.Debug|Any CPU.Build.0 = Debug|Any CPU
		{D3C1C15A-6658-4C66-B6AA-54B90B62E4C0}.Release|Any CPU.ActiveCfg = Release|Any CPU
		{D3C1C15A-6658-4C66-B6AA-54B90B62E4C0}.Release|Any CPU.Build.0 = Release|Any CPU
		{C581C0BB-5012-46D3-92AA-1A2718F155E9}.Debug|Any CPU.ActiveCfg = Debug|Any CPU
		{C581C0BB-5012-46D3-92AA-1A2718F155E9}.Debug|Any CPU.Build.0 = Debug|Any CPU
		{C581C0BB-5012-46D3-92AA-1A2718F155E9}.Release|Any CPU.ActiveCfg = Release|Any CPU
		{C581C0BB-5012-46D3-92AA-1A2718F155E9}.Release|Any CPU.Build.0 = Release|Any CPU
		{E9C92880-B735-438A-B44E-C94DD3DABDB9}.Debug|Any CPU.ActiveCfg = Debug|Any CPU
		{E9C92880-B735-438A-B44E-C94DD3DABDB9}.Debug|Any CPU.Build.0 = Debug|Any CPU
		{E9C92880-B735-438A-B44E-C94DD3DABDB9}.Release|Any CPU.ActiveCfg = Release|Any CPU
		{E9C92880-B735-438A-B44E-C94DD3DABDB9}.Release|Any CPU.Build.0 = Release|Any CPU
		{2D5825D9-6595-4EFB-9E01-32D5AE749461}.Debug|Any CPU.ActiveCfg = Debug|Any CPU
		{2D5825D9-6595-4EFB-9E01-32D5AE749461}.Debug|Any CPU.Build.0 = Debug|Any CPU
		{2D5825D9-6595-4EFB-9E01-32D5AE749461}.Release|Any CPU.ActiveCfg = Release|Any CPU
		{2D5825D9-6595-4EFB-9E01-32D5AE749461}.Release|Any CPU.Build.0 = Release|Any CPU
		{9167BD3E-B675-4143-8AA4-A20E0FE0872B}.Debug|Any CPU.ActiveCfg = Debug|Any CPU
		{9167BD3E-B675-4143-8AA4-A20E0FE0872B}.Debug|Any CPU.Build.0 = Debug|Any CPU
		{9167BD3E-B675-4143-8AA4-A20E0FE0872B}.Release|Any CPU.ActiveCfg = Release|Any CPU
		{9167BD3E-B675-4143-8AA4-A20E0FE0872B}.Release|Any CPU.Build.0 = Release|Any CPU
		{00C3A6E7-C65B-4197-8976-5BB9044D5EE1}.Debug|Any CPU.ActiveCfg = Debug|Any CPU
		{00C3A6E7-C65B-4197-8976-5BB9044D5EE1}.Debug|Any CPU.Build.0 = Debug|Any CPU
		{00C3A6E7-C65B-4197-8976-5BB9044D5EE1}.Release|Any CPU.ActiveCfg = Release|Any CPU
		{00C3A6E7-C65B-4197-8976-5BB9044D5EE1}.Release|Any CPU.Build.0 = Release|Any CPU
		{85E2FBB8-9357-437C-98B1-E13849ABD59B}.Debug|Any CPU.ActiveCfg = Debug|Any CPU
		{85E2FBB8-9357-437C-98B1-E13849ABD59B}.Debug|Any CPU.Build.0 = Debug|Any CPU
		{85E2FBB8-9357-437C-98B1-E13849ABD59B}.Release|Any CPU.ActiveCfg = Release|Any CPU
		{85E2FBB8-9357-437C-98B1-E13849ABD59B}.Release|Any CPU.Build.0 = Release|Any CPU
		{D43C4D04-3285-4710-A3CC-CAE50A3FD92F}.Debug|Any CPU.ActiveCfg = Debug|Any CPU
		{D43C4D04-3285-4710-A3CC-CAE50A3FD92F}.Debug|Any CPU.Build.0 = Debug|Any CPU
		{D43C4D04-3285-4710-A3CC-CAE50A3FD92F}.Release|Any CPU.ActiveCfg = Release|Any CPU
		{D43C4D04-3285-4710-A3CC-CAE50A3FD92F}.Release|Any CPU.Build.0 = Release|Any CPU
		{3C5D2BB3-0298-4F8D-9AE5-5D89A1500B9B}.Debug|Any CPU.ActiveCfg = Debug|Any CPU
		{3C5D2BB3-0298-4F8D-9AE5-5D89A1500B9B}.Debug|Any CPU.Build.0 = Debug|Any CPU
		{3C5D2BB3-0298-4F8D-9AE5-5D89A1500B9B}.Release|Any CPU.ActiveCfg = Release|Any CPU
		{3C5D2BB3-0298-4F8D-9AE5-5D89A1500B9B}.Release|Any CPU.Build.0 = Release|Any CPU
		{F4F988BA-35AB-4CCB-995F-89AC6A845034}.Debug|Any CPU.ActiveCfg = Debug|Any CPU
		{F4F988BA-35AB-4CCB-995F-89AC6A845034}.Debug|Any CPU.Build.0 = Debug|Any CPU
		{F4F988BA-35AB-4CCB-995F-89AC6A845034}.Release|Any CPU.ActiveCfg = Release|Any CPU
		{F4F988BA-35AB-4CCB-995F-89AC6A845034}.Release|Any CPU.Build.0 = Release|Any CPU
		{F545CBCC-A164-4F39-AFB3-154124D8417E}.Debug|Any CPU.ActiveCfg = Debug|Any CPU
		{F545CBCC-A164-4F39-AFB3-154124D8417E}.Debug|Any CPU.Build.0 = Debug|Any CPU
		{F545CBCC-A164-4F39-AFB3-154124D8417E}.Release|Any CPU.ActiveCfg = Release|Any CPU
		{F545CBCC-A164-4F39-AFB3-154124D8417E}.Release|Any CPU.Build.0 = Release|Any CPU
		{7E20AC99-2217-416C-B674-90648A083A79}.Debug|Any CPU.ActiveCfg = Debug|Any CPU
		{7E20AC99-2217-416C-B674-90648A083A79}.Debug|Any CPU.Build.0 = Debug|Any CPU
		{7E20AC99-2217-416C-B674-90648A083A79}.Release|Any CPU.ActiveCfg = Release|Any CPU
		{7E20AC99-2217-416C-B674-90648A083A79}.Release|Any CPU.Build.0 = Release|Any CPU
		{9D5DFEAE-A9B0-4E8E-925F-D199ED407FF7}.Debug|Any CPU.ActiveCfg = Debug|Any CPU
		{9D5DFEAE-A9B0-4E8E-925F-D199ED407FF7}.Debug|Any CPU.Build.0 = Debug|Any CPU
		{9D5DFEAE-A9B0-4E8E-925F-D199ED407FF7}.Release|Any CPU.ActiveCfg = Release|Any CPU
		{9D5DFEAE-A9B0-4E8E-925F-D199ED407FF7}.Release|Any CPU.Build.0 = Release|Any CPU
		{073A9CA2-4F4D-474C-B60A-5D0C835E64A9}.Debug|Any CPU.ActiveCfg = Debug|Any CPU
		{073A9CA2-4F4D-474C-B60A-5D0C835E64A9}.Debug|Any CPU.Build.0 = Debug|Any CPU
		{073A9CA2-4F4D-474C-B60A-5D0C835E64A9}.Release|Any CPU.ActiveCfg = Release|Any CPU
		{073A9CA2-4F4D-474C-B60A-5D0C835E64A9}.Release|Any CPU.Build.0 = Release|Any CPU
		{2A0D624F-B3EA-451E-9ED1-AA8A88280DD4}.Debug|Any CPU.ActiveCfg = Debug|Any CPU
		{2A0D624F-B3EA-451E-9ED1-AA8A88280DD4}.Debug|Any CPU.Build.0 = Debug|Any CPU
		{2A0D624F-B3EA-451E-9ED1-AA8A88280DD4}.Release|Any CPU.ActiveCfg = Release|Any CPU
		{2A0D624F-B3EA-451E-9ED1-AA8A88280DD4}.Release|Any CPU.Build.0 = Release|Any CPU
	EndGlobalSection
	GlobalSection(SolutionProperties) = preSolution
		HideSolutionNode = FALSE
	EndGlobalSection
	GlobalSection(NestedProjects) = preSolution
		{D4B5705E-FF6F-4B1F-A6B9-DFB78E4A679A} = {02EA681E-C7D8-13C7-8484-4AC65E1B71E8}
		{CE2C9DF2-B6AB-4F29-88B5-351C3ED7A49A} = {02EA681E-C7D8-13C7-8484-4AC65E1B71E8}
		{F244C7E2-87F2-470F-88A5-73DA073A119B} = {02EA681E-C7D8-13C7-8484-4AC65E1B71E8}
		{D3C1C15A-6658-4C66-B6AA-54B90B62E4C0} = {BF87C716-BFE8-4B57-B691-B2B20F7E15C8}
		{C581C0BB-5012-46D3-92AA-1A2718F155E9} = {BF87C716-BFE8-4B57-B691-B2B20F7E15C8}
		{E9C92880-B735-438A-B44E-C94DD3DABDB9} = {BF87C716-BFE8-4B57-B691-B2B20F7E15C8}
		{2D5825D9-6595-4EFB-9E01-32D5AE749461} = {98BF65E7-E5D6-410D-B929-FB61FC1202F4}
		{9167BD3E-B675-4143-8AA4-A20E0FE0872B} = {98BF65E7-E5D6-410D-B929-FB61FC1202F4}
		{00C3A6E7-C65B-4197-8976-5BB9044D5EE1} = {98BF65E7-E5D6-410D-B929-FB61FC1202F4}
		{85E2FBB8-9357-437C-98B1-E13849ABD59B} = {45D2D40C-599C-4CCE-B826-836EA17C4964}
		{D43C4D04-3285-4710-A3CC-CAE50A3FD92F} = {45D2D40C-599C-4CCE-B826-836EA17C4964}
		{3C5D2BB3-0298-4F8D-9AE5-5D89A1500B9B} = {45D2D40C-599C-4CCE-B826-836EA17C4964}
		{F4F988BA-35AB-4CCB-995F-89AC6A845034} = {A2E9C59B-3009-4558-891B-2FF706FF11B5}
		{F545CBCC-A164-4F39-AFB3-154124D8417E} = {A2E9C59B-3009-4558-891B-2FF706FF11B5}
		{7E20AC99-2217-416C-B674-90648A083A79} = {A2E9C59B-3009-4558-891B-2FF706FF11B5}
		{9D5DFEAE-A9B0-4E8E-925F-D199ED407FF7} = {9F918B6E-DFD3-4018-B46D-80A2EF2C504E}
		{073A9CA2-4F4D-474C-B60A-5D0C835E64A9} = {9F918B6E-DFD3-4018-B46D-80A2EF2C504E}
		{2A0D624F-B3EA-451E-9ED1-AA8A88280DD4} = {9F918B6E-DFD3-4018-B46D-80A2EF2C504E}
	EndGlobalSection
	GlobalSection(ExtensibilityGlobals) = postSolution
		SolutionGuid = {8E6C5100-4A4D-4256-8614-BFFBE12938B5}
	EndGlobalSection
EndGlobal
